// !$*UTF8*$!
{
	archiveVersion = 1;
	classes = {
	};
	objectVersion = 46;
	objects = {

/* Begin PBXBuildFile section */
		29D847A0889D8E06DD8CE239 /* Pods_ApplicationUITests.framework in Frameworks */ = {isa = PBXBuildFile; fileRef = AAAEF1DF44781AD03BC7E6F0 /* Pods_ApplicationUITests.framework */; };
		54E29131686134C1E9CD5044 /* Pods_Application.framework in Frameworks */ = {isa = PBXBuildFile; fileRef = AB85312369B31C04E92890EE /* Pods_Application.framework */; };
		6F81427F1D0EDA340041DC0D /* Media.xcassets in Resources */ = {isa = PBXBuildFile; fileRef = 6F81427D1D0EDA340041DC0D /* Media.xcassets */; };
		6FD74FB31D0EAA5E00ACB9AA /* AppDelegate.swift in Sources */ = {isa = PBXBuildFile; fileRef = 6FD74FB21D0EAA5E00ACB9AA /* AppDelegate.swift */; };
		6FD74FBA1D0EAA5E00ACB9AA /* Main.storyboard in Resources */ = {isa = PBXBuildFile; fileRef = 6FD74FB81D0EAA5E00ACB9AA /* Main.storyboard */; };
		6FD74FBC1D0EAA5E00ACB9AA /* Assets.xcassets in Resources */ = {isa = PBXBuildFile; fileRef = 6FD74FBB1D0EAA5E00ACB9AA /* Assets.xcassets */; };
		6FD74FBF1D0EAA5E00ACB9AA /* LaunchScreen.storyboard in Resources */ = {isa = PBXBuildFile; fileRef = 6FD74FBD1D0EAA5E00ACB9AA /* LaunchScreen.storyboard */; };
		6FD74FCA1D0EAA5E00ACB9AA /* ApplicationTests.swift in Sources */ = {isa = PBXBuildFile; fileRef = 6FD74FC91D0EAA5E00ACB9AA /* ApplicationTests.swift */; };
		6FD74FD51D0EAA5E00ACB9AA /* ApplicationUITests.swift in Sources */ = {isa = PBXBuildFile; fileRef = 6FD74FD41D0EAA5E00ACB9AA /* ApplicationUITests.swift */; };
		6FD74FE71D0EAC5100ACB9AA /* LMWaterfall.swift in Sources */ = {isa = PBXBuildFile; fileRef = 6FD74FE61D0EAC5100ACB9AA /* LMWaterfall.swift */; };
		6FD74FEA1D0EC95800ACB9AA /* LMOnePlayer.swift in Sources */ = {isa = PBXBuildFile; fileRef = 6FD74FE81D0EC95800ACB9AA /* LMOnePlayer.swift */; };
		6FD74FEB1D0EC95800ACB9AA /* LMOnePlayer.xib in Resources */ = {isa = PBXBuildFile; fileRef = 6FD74FE91D0EC95800ACB9AA /* LMOnePlayer.xib */; };
		6FD74FF11D0ED03A00ACB9AA /* LMCommingCloud.swift in Sources */ = {isa = PBXBuildFile; fileRef = 6FD74FF01D0ED03A00ACB9AA /* LMCommingCloud.swift */; };
		DA9183F1B14AFD1A1C7B384D /* Pods_ApplicationTests.framework in Frameworks */ = {isa = PBXBuildFile; fileRef = EC068499484D348BF82FC4D1 /* Pods_ApplicationTests.framework */; };
/* End PBXBuildFile section */

/* Begin PBXContainerItemProxy section */
		6FD74FC61D0EAA5E00ACB9AA /* PBXContainerItemProxy */ = {
			isa = PBXContainerItemProxy;
			containerPortal = 6FD74FA71D0EAA5E00ACB9AA /* Project object */;
			proxyType = 1;
			remoteGlobalIDString = 6FD74FAE1D0EAA5E00ACB9AA;
			remoteInfo = Application;
		};
		6FD74FD11D0EAA5E00ACB9AA /* PBXContainerItemProxy */ = {
			isa = PBXContainerItemProxy;
			containerPortal = 6FD74FA71D0EAA5E00ACB9AA /* Project object */;
			proxyType = 1;
			remoteGlobalIDString = 6FD74FAE1D0EAA5E00ACB9AA;
			remoteInfo = Application;
		};
/* End PBXContainerItemProxy section */

/* Begin PBXFileReference section */
		1037A64E8AC42064BACAC40A /* Pods-Application.release.xcconfig */ = {isa = PBXFileReference; includeInIndex = 1; lastKnownFileType = text.xcconfig; name = "Pods-Application.release.xcconfig"; path = "Pods/Target Support Files/Pods-Application/Pods-Application.release.xcconfig"; sourceTree = "<group>"; };
		6F81427D1D0EDA340041DC0D /* Media.xcassets */ = {isa = PBXFileReference; lastKnownFileType = folder.assetcatalog; path = Media.xcassets; sourceTree = "<group>"; };
		6FD74FAF1D0EAA5E00ACB9AA /* Application.app */ = {isa = PBXFileReference; explicitFileType = wrapper.application; includeInIndex = 0; path = Application.app; sourceTree = BUILT_PRODUCTS_DIR; };
		6FD74FB21D0EAA5E00ACB9AA /* AppDelegate.swift */ = {isa = PBXFileReference; lastKnownFileType = sourcecode.swift; path = AppDelegate.swift; sourceTree = "<group>"; };
		6FD74FB91D0EAA5E00ACB9AA /* Base */ = {isa = PBXFileReference; lastKnownFileType = file.storyboard; name = Base; path = Base.lproj/Main.storyboard; sourceTree = "<group>"; };
		6FD74FBB1D0EAA5E00ACB9AA /* Assets.xcassets */ = {isa = PBXFileReference; lastKnownFileType = folder.assetcatalog; path = Assets.xcassets; sourceTree = "<group>"; };
		6FD74FBE1D0EAA5E00ACB9AA /* Base */ = {isa = PBXFileReference; lastKnownFileType = file.storyboard; name = Base; path = Base.lproj/LaunchScreen.storyboard; sourceTree = "<group>"; };
		6FD74FC01D0EAA5E00ACB9AA /* Info.plist */ = {isa = PBXFileReference; lastKnownFileType = text.plist.xml; path = Info.plist; sourceTree = "<group>"; };
		6FD74FC51D0EAA5E00ACB9AA /* ApplicationTests.xctest */ = {isa = PBXFileReference; explicitFileType = wrapper.cfbundle; includeInIndex = 0; path = ApplicationTests.xctest; sourceTree = BUILT_PRODUCTS_DIR; };
		6FD74FC91D0EAA5E00ACB9AA /* ApplicationTests.swift */ = {isa = PBXFileReference; lastKnownFileType = sourcecode.swift; path = ApplicationTests.swift; sourceTree = "<group>"; };
		6FD74FCB1D0EAA5E00ACB9AA /* Info.plist */ = {isa = PBXFileReference; lastKnownFileType = text.plist.xml; path = Info.plist; sourceTree = "<group>"; };
		6FD74FD01D0EAA5E00ACB9AA /* ApplicationUITests.xctest */ = {isa = PBXFileReference; explicitFileType = wrapper.cfbundle; includeInIndex = 0; path = ApplicationUITests.xctest; sourceTree = BUILT_PRODUCTS_DIR; };
		6FD74FD41D0EAA5E00ACB9AA /* ApplicationUITests.swift */ = {isa = PBXFileReference; lastKnownFileType = sourcecode.swift; path = ApplicationUITests.swift; sourceTree = "<group>"; };
		6FD74FD61D0EAA5E00ACB9AA /* Info.plist */ = {isa = PBXFileReference; lastKnownFileType = text.plist.xml; path = Info.plist; sourceTree = "<group>"; };
		6FD74FE61D0EAC5100ACB9AA /* LMWaterfall.swift */ = {isa = PBXFileReference; fileEncoding = 4; lastKnownFileType = sourcecode.swift; name = LMWaterfall.swift; path = Application/LMWaterfall.swift; sourceTree = "<group>"; };
		6FD74FE81D0EC95800ACB9AA /* LMOnePlayer.swift */ = {isa = PBXFileReference; fileEncoding = 4; lastKnownFileType = sourcecode.swift; name = LMOnePlayer.swift; path = Application/LMOnePlayer.swift; sourceTree = "<group>"; };
		6FD74FE91D0EC95800ACB9AA /* LMOnePlayer.xib */ = {isa = PBXFileReference; fileEncoding = 4; lastKnownFileType = file.xib; name = LMOnePlayer.xib; path = Application/LMOnePlayer.xib; sourceTree = "<group>"; };
		6FD74FF01D0ED03A00ACB9AA /* LMCommingCloud.swift */ = {isa = PBXFileReference; fileEncoding = 4; lastKnownFileType = sourcecode.swift; name = LMCommingCloud.swift; path = Application/LMCommingCloud.swift; sourceTree = "<group>"; };
		AAAEF1DF44781AD03BC7E6F0 /* Pods_ApplicationUITests.framework */ = {isa = PBXFileReference; explicitFileType = wrapper.framework; includeInIndex = 0; path = Pods_ApplicationUITests.framework; sourceTree = BUILT_PRODUCTS_DIR; };
		AB85312369B31C04E92890EE /* Pods_Application.framework */ = {isa = PBXFileReference; explicitFileType = wrapper.framework; includeInIndex = 0; path = Pods_Application.framework; sourceTree = BUILT_PRODUCTS_DIR; };
		B8794F4981B3C64449D0A36B /* Pods-Application.debug.xcconfig */ = {isa = PBXFileReference; includeInIndex = 1; lastKnownFileType = text.xcconfig; name = "Pods-Application.debug.xcconfig"; path = "Pods/Target Support Files/Pods-Application/Pods-Application.debug.xcconfig"; sourceTree = "<group>"; };
		C869D84357EFD91EB323FC5D /* Pods-ApplicationUITests.release.xcconfig */ = {isa = PBXFileReference; includeInIndex = 1; lastKnownFileType = text.xcconfig; name = "Pods-ApplicationUITests.release.xcconfig"; path = "Pods/Target Support Files/Pods-ApplicationUITests/Pods-ApplicationUITests.release.xcconfig"; sourceTree = "<group>"; };
		CBF6B9CC4C8CC648B8E4F96C /* Pods-ApplicationTests.release.xcconfig */ = {isa = PBXFileReference; includeInIndex = 1; lastKnownFileType = text.xcconfig; name = "Pods-ApplicationTests.release.xcconfig"; path = "Pods/Target Support Files/Pods-ApplicationTests/Pods-ApplicationTests.release.xcconfig"; sourceTree = "<group>"; };
		DFA62E16AC726E9A3D1C95EF /* Pods-ApplicationTests.debug.xcconfig */ = {isa = PBXFileReference; includeInIndex = 1; lastKnownFileType = text.xcconfig; name = "Pods-ApplicationTests.debug.xcconfig"; path = "Pods/Target Support Files/Pods-ApplicationTests/Pods-ApplicationTests.debug.xcconfig"; sourceTree = "<group>"; };
		EC068499484D348BF82FC4D1 /* Pods_ApplicationTests.framework */ = {isa = PBXFileReference; explicitFileType = wrapper.framework; includeInIndex = 0; path = Pods_ApplicationTests.framework; sourceTree = BUILT_PRODUCTS_DIR; };
		F876DAFDA9CD2B2166532948 /* Pods-ApplicationUITests.debug.xcconfig */ = {isa = PBXFileReference; includeInIndex = 1; lastKnownFileType = text.xcconfig; name = "Pods-ApplicationUITests.debug.xcconfig"; path = "Pods/Target Support Files/Pods-ApplicationUITests/Pods-ApplicationUITests.debug.xcconfig"; sourceTree = "<group>"; };
/* End PBXFileReference section */

/* Begin PBXFrameworksBuildPhase section */
		6FD74FAC1D0EAA5E00ACB9AA /* Frameworks */ = {
			isa = PBXFrameworksBuildPhase;
			buildActionMask = 2147483647;
			files = (
				54E29131686134C1E9CD5044 /* Pods_Application.framework in Frameworks */,
			);
			runOnlyForDeploymentPostprocessing = 0;
		};
		6FD74FC21D0EAA5E00ACB9AA /* Frameworks */ = {
			isa = PBXFrameworksBuildPhase;
			buildActionMask = 2147483647;
			files = (
				DA9183F1B14AFD1A1C7B384D /* Pods_ApplicationTests.framework in Frameworks */,
			);
			runOnlyForDeploymentPostprocessing = 0;
		};
		6FD74FCD1D0EAA5E00ACB9AA /* Frameworks */ = {
			isa = PBXFrameworksBuildPhase;
			buildActionMask = 2147483647;
			files = (
				29D847A0889D8E06DD8CE239 /* Pods_ApplicationUITests.framework in Frameworks */,
			);
			runOnlyForDeploymentPostprocessing = 0;
		};
/* End PBXFrameworksBuildPhase section */

/* Begin PBXGroup section */
		6FD74FA61D0EAA5E00ACB9AA = {
			isa = PBXGroup;
			children = (
				6FD74FE21D0EAC0800ACB9AA /* Environment Source */,
				6FD74FB11D0EAA5E00ACB9AA /* Application */,
				6FD74FC81D0EAA5E00ACB9AA /* ApplicationTests */,
				6FD74FD31D0EAA5E00ACB9AA /* ApplicationUITests */,
				6FD74FB01D0EAA5E00ACB9AA /* Products */,
				E560A5864FB41EA22B34326C /* Pods */,
				9DAD32054145FBF5B3474276 /* Frameworks */,
			);
			sourceTree = "<group>";
		};
		6FD74FB01D0EAA5E00ACB9AA /* Products */ = {
			isa = PBXGroup;
			children = (
				6FD74FAF1D0EAA5E00ACB9AA /* Application.app */,
				6FD74FC51D0EAA5E00ACB9AA /* ApplicationTests.xctest */,
				6FD74FD01D0EAA5E00ACB9AA /* ApplicationUITests.xctest */,
			);
			name = Products;
			sourceTree = "<group>";
		};
		6FD74FB11D0EAA5E00ACB9AA /* Application */ = {
			isa = PBXGroup;
			children = (
				6F81427D1D0EDA340041DC0D /* Media.xcassets */,
				6FD74FB21D0EAA5E00ACB9AA /* AppDelegate.swift */,
				6FD74FB81D0EAA5E00ACB9AA /* Main.storyboard */,
				6FD74FBB1D0EAA5E00ACB9AA /* Assets.xcassets */,
				6FD74FBD1D0EAA5E00ACB9AA /* LaunchScreen.storyboard */,
				6FD74FC01D0EAA5E00ACB9AA /* Info.plist */,
			);
			path = Application;
			sourceTree = "<group>";
		};
		6FD74FC81D0EAA5E00ACB9AA /* ApplicationTests */ = {
			isa = PBXGroup;
			children = (
				6FD74FC91D0EAA5E00ACB9AA /* ApplicationTests.swift */,
				6FD74FCB1D0EAA5E00ACB9AA /* Info.plist */,
			);
			path = ApplicationTests;
			sourceTree = "<group>";
		};
		6FD74FD31D0EAA5E00ACB9AA /* ApplicationUITests */ = {
			isa = PBXGroup;
			children = (
				6FD74FD41D0EAA5E00ACB9AA /* ApplicationUITests.swift */,
				6FD74FD61D0EAA5E00ACB9AA /* Info.plist */,
			);
			path = ApplicationUITests;
			sourceTree = "<group>";
		};
		6FD74FE21D0EAC0800ACB9AA /* Environment Source */ = {
			isa = PBXGroup;
			children = (
				6FD74FE51D0EAC2400ACB9AA /* VK */,
				6FD74FE41D0EAC1E00ACB9AA /* Waterfall */,
				6FD74FE31D0EAC1500ACB9AA /* Personal Cloud */,
			);
			name = "Environment Source";
			sourceTree = "<group>";
		};
		6FD74FE31D0EAC1500ACB9AA /* Personal Cloud */ = {
			isa = PBXGroup;
			children = (
				6FD74FF01D0ED03A00ACB9AA /* LMCommingCloud.swift */,
			);
			name = "Personal Cloud";
			sourceTree = "<group>";
		};
		6FD74FE41D0EAC1E00ACB9AA /* Waterfall */ = {
			isa = PBXGroup;
			children = (
				6FD74FE61D0EAC5100ACB9AA /* LMWaterfall.swift */,
				6FD74FE81D0EC95800ACB9AA /* LMOnePlayer.swift */,
				6FD74FE91D0EC95800ACB9AA /* LMOnePlayer.xib */,
			);
			name = Waterfall;
			sourceTree = "<group>";
		};
		6FD74FE51D0EAC2400ACB9AA /* VK */ = {
			isa = PBXGroup;
			children = (
			);
			name = VK;
			sourceTree = "<group>";
		};
		9DAD32054145FBF5B3474276 /* Frameworks */ = {
			isa = PBXGroup;
			children = (
				AB85312369B31C04E92890EE /* Pods_Application.framework */,
				EC068499484D348BF82FC4D1 /* Pods_ApplicationTests.framework */,
				AAAEF1DF44781AD03BC7E6F0 /* Pods_ApplicationUITests.framework */,
			);
			name = Frameworks;
			sourceTree = "<group>";
		};
		E560A5864FB41EA22B34326C /* Pods */ = {
			isa = PBXGroup;
			children = (
				B8794F4981B3C64449D0A36B /* Pods-Application.debug.xcconfig */,
				1037A64E8AC42064BACAC40A /* Pods-Application.release.xcconfig */,
				DFA62E16AC726E9A3D1C95EF /* Pods-ApplicationTests.debug.xcconfig */,
				CBF6B9CC4C8CC648B8E4F96C /* Pods-ApplicationTests.release.xcconfig */,
				F876DAFDA9CD2B2166532948 /* Pods-ApplicationUITests.debug.xcconfig */,
				C869D84357EFD91EB323FC5D /* Pods-ApplicationUITests.release.xcconfig */,
			);
			name = Pods;
			sourceTree = "<group>";
		};
/* End PBXGroup section */

/* Begin PBXNativeTarget section */
		6FD74FAE1D0EAA5E00ACB9AA /* Application */ = {
			isa = PBXNativeTarget;
			buildConfigurationList = 6FD74FD91D0EAA5E00ACB9AA /* Build configuration list for PBXNativeTarget "Application" */;
			buildPhases = (
				3F2A5E90EAE02123A3AADAF3 /* [CP] Check Pods Manifest.lock */,
				6FD74FAB1D0EAA5E00ACB9AA /* Sources */,
				6FD74FAC1D0EAA5E00ACB9AA /* Frameworks */,
				6FD74FAD1D0EAA5E00ACB9AA /* Resources */,
				818CA67D64C8FF7D7AC40A78 /* [CP] Embed Pods Frameworks */,
				B124E958CA82AC027A78B45D /* [CP] Copy Pods Resources */,
			);
			buildRules = (
			);
			dependencies = (
			);
			name = Application;
			productName = Application;
			productReference = 6FD74FAF1D0EAA5E00ACB9AA /* Application.app */;
			productType = "com.apple.product-type.application";
		};
		6FD74FC41D0EAA5E00ACB9AA /* ApplicationTests */ = {
			isa = PBXNativeTarget;
			buildConfigurationList = 6FD74FDC1D0EAA5E00ACB9AA /* Build configuration list for PBXNativeTarget "ApplicationTests" */;
			buildPhases = (
				3FAA68A90BC05C1554AE49CF /* [CP] Check Pods Manifest.lock */,
				6FD74FC11D0EAA5E00ACB9AA /* Sources */,
				6FD74FC21D0EAA5E00ACB9AA /* Frameworks */,
				6FD74FC31D0EAA5E00ACB9AA /* Resources */,
				7EBB8BCDC201476BBC763C48 /* [CP] Embed Pods Frameworks */,
				7EEB5C1AF2326F8E9EA34D44 /* [CP] Copy Pods Resources */,
			);
			buildRules = (
			);
			dependencies = (
				6FD74FC71D0EAA5E00ACB9AA /* PBXTargetDependency */,
			);
			name = ApplicationTests;
			productName = ApplicationTests;
			productReference = 6FD74FC51D0EAA5E00ACB9AA /* ApplicationTests.xctest */;
			productType = "com.apple.product-type.bundle.unit-test";
		};
		6FD74FCF1D0EAA5E00ACB9AA /* ApplicationUITests */ = {
			isa = PBXNativeTarget;
			buildConfigurationList = 6FD74FDF1D0EAA5E00ACB9AA /* Build configuration list for PBXNativeTarget "ApplicationUITests" */;
			buildPhases = (
				5E4CC1FA731D9FED1FBDEC82 /* [CP] Check Pods Manifest.lock */,
				6FD74FCC1D0EAA5E00ACB9AA /* Sources */,
				6FD74FCD1D0EAA5E00ACB9AA /* Frameworks */,
				6FD74FCE1D0EAA5E00ACB9AA /* Resources */,
				C9F3E18EF491937EEA84B0C3 /* [CP] Copy Pods Resources */,
			);
			buildRules = (
			);
			dependencies = (
				6FD74FD21D0EAA5E00ACB9AA /* PBXTargetDependency */,
			);
			name = ApplicationUITests;
			productName = ApplicationUITests;
			productReference = 6FD74FD01D0EAA5E00ACB9AA /* ApplicationUITests.xctest */;
			productType = "com.apple.product-type.bundle.ui-testing";
		};
/* End PBXNativeTarget section */

/* Begin PBXProject section */
		6FD74FA71D0EAA5E00ACB9AA /* Project object */ = {
			isa = PBXProject;
			attributes = {
				CLASSPREFIX = LM;
				LastSwiftUpdateCheck = 0730;
				LastUpgradeCheck = 0730;
				ORGANIZATIONNAME = "Lerigos Urban Developers Limited";
				TargetAttributes = {
					6FD74FAE1D0EAA5E00ACB9AA = {
						CreatedOnToolsVersion = 7.3.1;
					};
					6FD74FC41D0EAA5E00ACB9AA = {
						CreatedOnToolsVersion = 7.3.1;
						TestTargetID = 6FD74FAE1D0EAA5E00ACB9AA;
					};
					6FD74FCF1D0EAA5E00ACB9AA = {
						CreatedOnToolsVersion = 7.3.1;
						TestTargetID = 6FD74FAE1D0EAA5E00ACB9AA;
					};
				};
			};
			buildConfigurationList = 6FD74FAA1D0EAA5E00ACB9AA /* Build configuration list for PBXProject "Application" */;
			compatibilityVersion = "Xcode 3.2";
			developmentRegion = English;
			hasScannedForEncodings = 0;
			knownRegions = (
				en,
				Base,
			);
			mainGroup = 6FD74FA61D0EAA5E00ACB9AA;
			productRefGroup = 6FD74FB01D0EAA5E00ACB9AA /* Products */;
			projectDirPath = "";
			projectRoot = "";
			targets = (
				6FD74FAE1D0EAA5E00ACB9AA /* Application */,
				6FD74FC41D0EAA5E00ACB9AA /* ApplicationTests */,
				6FD74FCF1D0EAA5E00ACB9AA /* ApplicationUITests */,
			);
		};
/* End PBXProject section */

/* Begin PBXResourcesBuildPhase section */
		6FD74FAD1D0EAA5E00ACB9AA /* Resources */ = {
			isa = PBXResourcesBuildPhase;
			buildActionMask = 2147483647;
			files = (
				6FD74FEB1D0EC95800ACB9AA /* LMOnePlayer.xib in Resources */,
				6FD74FBF1D0EAA5E00ACB9AA /* LaunchScreen.storyboard in Resources */,
				6FD74FBC1D0EAA5E00ACB9AA /* Assets.xcassets in Resources */,
				6FD74FBA1D0EAA5E00ACB9AA /* Main.storyboard in Resources */,
				6F81427F1D0EDA340041DC0D /* Media.xcassets in Resources */,
			);
			runOnlyForDeploymentPostprocessing = 0;
		};
		6FD74FC31D0EAA5E00ACB9AA /* Resources */ = {
			isa = PBXResourcesBuildPhase;
			buildActionMask = 2147483647;
			files = (
			);
			runOnlyForDeploymentPostprocessing = 0;
		};
		6FD74FCE1D0EAA5E00ACB9AA /* Resources */ = {
			isa = PBXResourcesBuildPhase;
			buildActionMask = 2147483647;
			files = (
			);
			runOnlyForDeploymentPostprocessing = 0;
		};
/* End PBXResourcesBuildPhase section */

/* Begin PBXShellScriptBuildPhase section */
		3F2A5E90EAE02123A3AADAF3 /* [CP] Check Pods Manifest.lock */ = {
			isa = PBXShellScriptBuildPhase;
			buildActionMask = 2147483647;
			files = (
			);
			inputPaths = (
			);
			name = "[CP] Check Pods Manifest.lock";
			outputPaths = (
			);
			runOnlyForDeploymentPostprocessing = 0;
			shellPath = /bin/sh;
			shellScript = "diff \"${PODS_ROOT}/../Podfile.lock\" \"${PODS_ROOT}/Manifest.lock\" > /dev/null\nif [[ $? != 0 ]] ; then\n    cat << EOM\nerror: The sandbox is not in sync with the Podfile.lock. Run 'pod install' or update your CocoaPods installation.\nEOM\n    exit 1\nfi\n";
			showEnvVarsInLog = 0;
		};
		3FAA68A90BC05C1554AE49CF /* [CP] Check Pods Manifest.lock */ = {
			isa = PBXShellScriptBuildPhase;
			buildActionMask = 2147483647;
			files = (
			);
			inputPaths = (
			);
			name = "[CP] Check Pods Manifest.lock";
			outputPaths = (
			);
			runOnlyForDeploymentPostprocessing = 0;
			shellPath = /bin/sh;
			shellScript = "diff \"${PODS_ROOT}/../Podfile.lock\" \"${PODS_ROOT}/Manifest.lock\" > /dev/null\nif [[ $? != 0 ]] ; then\n    cat << EOM\nerror: The sandbox is not in sync with the Podfile.lock. Run 'pod install' or update your CocoaPods installation.\nEOM\n    exit 1\nfi\n";
			showEnvVarsInLog = 0;
		};
		5E4CC1FA731D9FED1FBDEC82 /* [CP] Check Pods Manifest.lock */ = {
			isa = PBXShellScriptBuildPhase;
			buildActionMask = 2147483647;
			files = (
			);
			inputPaths = (
			);
			name = "[CP] Check Pods Manifest.lock";
			outputPaths = (
			);
			runOnlyForDeploymentPostprocessing = 0;
			shellPath = /bin/sh;
			shellScript = "diff \"${PODS_ROOT}/../Podfile.lock\" \"${PODS_ROOT}/Manifest.lock\" > /dev/null\nif [[ $? != 0 ]] ; then\n    cat << EOM\nerror: The sandbox is not in sync with the Podfile.lock. Run 'pod install' or update your CocoaPods installation.\nEOM\n    exit 1\nfi\n";
			showEnvVarsInLog = 0;
		};
		7EBB8BCDC201476BBC763C48 /* [CP] Embed Pods Frameworks */ = {
			isa = PBXShellScriptBuildPhase;
			buildActionMask = 2147483647;
			files = (
			);
			inputPaths = (
			);
			name = "[CP] Embed Pods Frameworks";
			outputPaths = (
			);
			runOnlyForDeploymentPostprocessing = 0;
			shellPath = /bin/sh;
			shellScript = "\"${SRCROOT}/Pods/Target Support Files/Pods-ApplicationTests/Pods-ApplicationTests-frameworks.sh\"\n";
			showEnvVarsInLog = 0;
		};
		7EEB5C1AF2326F8E9EA34D44 /* [CP] Copy Pods Resources */ = {
			isa = PBXShellScriptBuildPhase;
			buildActionMask = 2147483647;
			files = (
			);
			inputPaths = (
			);
			name = "[CP] Copy Pods Resources";
			outputPaths = (
			);
			runOnlyForDeploymentPostprocessing = 0;
			shellPath = /bin/sh;
			shellScript = "\"${SRCROOT}/Pods/Target Support Files/Pods-ApplicationTests/Pods-ApplicationTests-resources.sh\"\n";
			showEnvVarsInLog = 0;
		};
		818CA67D64C8FF7D7AC40A78 /* [CP] Embed Pods Frameworks */ = {
			isa = PBXShellScriptBuildPhase;
			buildActionMask = 2147483647;
			files = (
			);
			inputPaths = (
			);
			name = "[CP] Embed Pods Frameworks";
			outputPaths = (
			);
			runOnlyForDeploymentPostprocessing = 0;
			shellPath = /bin/sh;
			shellScript = "\"${SRCROOT}/Pods/Target Support Files/Pods-Application/Pods-Application-frameworks.sh\"\n";
			showEnvVarsInLog = 0;
		};
		B124E958CA82AC027A78B45D /* [CP] Copy Pods Resources */ = {
			isa = PBXShellScriptBuildPhase;
			buildActionMask = 2147483647;
			files = (
			);
			inputPaths = (
			);
			name = "[CP] Copy Pods Resources";
			outputPaths = (
			);
			runOnlyForDeploymentPostprocessing = 0;
			shellPath = /bin/sh;
			shellScript = "\"${SRCROOT}/Pods/Target Support Files/Pods-Application/Pods-Application-resources.sh\"\n";
			showEnvVarsInLog = 0;
		};
		C9F3E18EF491937EEA84B0C3 /* [CP] Copy Pods Resources */ = {
			isa = PBXShellScriptBuildPhase;
			buildActionMask = 2147483647;
			files = (
			);
			inputPaths = (
			);
			name = "[CP] Copy Pods Resources";
			outputPaths = (
			);
			runOnlyForDeploymentPostprocessing = 0;
			shellPath = /bin/sh;
			shellScript = "\"${SRCROOT}/Pods/Target Support Files/Pods-ApplicationUITests/Pods-ApplicationUITests-resources.sh\"\n";
			showEnvVarsInLog = 0;
		};
/* End PBXShellScriptBuildPhase section */

/* Begin PBXSourcesBuildPhase section */
		6FD74FAB1D0EAA5E00ACB9AA /* Sources */ = {
			isa = PBXSourcesBuildPhase;
			buildActionMask = 2147483647;
			files = (
				6FD74FB31D0EAA5E00ACB9AA /* AppDelegate.swift in Sources */,
				6FD74FF11D0ED03A00ACB9AA /* LMCommingCloud.swift in Sources */,
				6FD74FEA1D0EC95800ACB9AA /* LMOnePlayer.swift in Sources */,
				6FD74FE71D0EAC5100ACB9AA /* LMWaterfall.swift in Sources */,
			);
			runOnlyForDeploymentPostprocessing = 0;
		};
		6FD74FC11D0EAA5E00ACB9AA /* Sources */ = {
			isa = PBXSourcesBuildPhase;
			buildActionMask = 2147483647;
			files = (
				6FD74FCA1D0EAA5E00ACB9AA /* ApplicationTests.swift in Sources */,
			);
			runOnlyForDeploymentPostprocessing = 0;
		};
		6FD74FCC1D0EAA5E00ACB9AA /* Sources */ = {
			isa = PBXSourcesBuildPhase;
			buildActionMask = 2147483647;
			files = (
				6FD74FD51D0EAA5E00ACB9AA /* ApplicationUITests.swift in Sources */,
			);
			runOnlyForDeploymentPostprocessing = 0;
		};
/* End PBXSourcesBuildPhase section */

/* Begin PBXTargetDependency section */
		6FD74FC71D0EAA5E00ACB9AA /* PBXTargetDependency */ = {
			isa = PBXTargetDependency;
			target = 6FD74FAE1D0EAA5E00ACB9AA /* Application */;
			targetProxy = 6FD74FC61D0EAA5E00ACB9AA /* PBXContainerItemProxy */;
		};
		6FD74FD21D0EAA5E00ACB9AA /* PBXTargetDependency */ = {
			isa = PBXTargetDependency;
			target = 6FD74FAE1D0EAA5E00ACB9AA /* Application */;
			targetProxy = 6FD74FD11D0EAA5E00ACB9AA /* PBXContainerItemProxy */;
		};
/* End PBXTargetDependency section */

/* Begin PBXVariantGroup section */
		6FD74FB81D0EAA5E00ACB9AA /* Main.storyboard */ = {
			isa = PBXVariantGroup;
			children = (
				6FD74FB91D0EAA5E00ACB9AA /* Base */,
			);
			name = Main.storyboard;
			sourceTree = "<group>";
		};
		6FD74FBD1D0EAA5E00ACB9AA /* LaunchScreen.storyboard */ = {
			isa = PBXVariantGroup;
			children = (
				6FD74FBE1D0EAA5E00ACB9AA /* Base */,
			);
			name = LaunchScreen.storyboard;
			sourceTree = "<group>";
		};
/* End PBXVariantGroup section */

/* Begin XCBuildConfiguration section */
		6FD74FD71D0EAA5E00ACB9AA /* Debug */ = {
			isa = XCBuildConfiguration;
			buildSettings = {
				ALWAYS_SEARCH_USER_PATHS = NO;
				CLANG_ANALYZER_NONNULL = YES;
				CLANG_CXX_LANGUAGE_STANDARD = "gnu++0x";
				CLANG_CXX_LIBRARY = "libc++";
				CLANG_ENABLE_MODULES = YES;
				CLANG_ENABLE_OBJC_ARC = YES;
				CLANG_WARN_BOOL_CONVERSION = YES;
				CLANG_WARN_CONSTANT_CONVERSION = YES;
				CLANG_WARN_DIRECT_OBJC_ISA_USAGE = YES_ERROR;
				CLANG_WARN_EMPTY_BODY = YES;
				CLANG_WARN_ENUM_CONVERSION = YES;
				CLANG_WARN_INT_CONVERSION = YES;
				CLANG_WARN_OBJC_ROOT_CLASS = YES_ERROR;
				CLANG_WARN_UNREACHABLE_CODE = YES;
				CLANG_WARN__DUPLICATE_METHOD_MATCH = YES;
				"CODE_SIGN_IDENTITY[sdk=iphoneos*]" = "iPhone Developer";
				COPY_PHASE_STRIP = NO;
				DEBUG_INFORMATION_FORMAT = dwarf;
				ENABLE_STRICT_OBJC_MSGSEND = YES;
				ENABLE_TESTABILITY = YES;
				GCC_C_LANGUAGE_STANDARD = gnu99;
				GCC_DYNAMIC_NO_PIC = NO;
				GCC_NO_COMMON_BLOCKS = YES;
				GCC_OPTIMIZATION_LEVEL = 0;
				GCC_PREPROCESSOR_DEFINITIONS = (
					"DEBUG=1",
					"$(inherited)",
				);
				GCC_WARN_64_TO_32_BIT_CONVERSION = YES;
				GCC_WARN_ABOUT_RETURN_TYPE = YES_ERROR;
				GCC_WARN_UNDECLARED_SELECTOR = YES;
				GCC_WARN_UNINITIALIZED_AUTOS = YES_AGGRESSIVE;
				GCC_WARN_UNUSED_FUNCTION = YES;
				GCC_WARN_UNUSED_VARIABLE = YES;
				IPHONEOS_DEPLOYMENT_TARGET = 9.3;
				MTL_ENABLE_DEBUG_INFO = YES;
				ONLY_ACTIVE_ARCH = YES;
				SDKROOT = iphoneos;
				SWIFT_OPTIMIZATION_LEVEL = "-Onone";
				TARGETED_DEVICE_FAMILY = "1,2";
			};
			name = Debug;
		};
		6FD74FD81D0EAA5E00ACB9AA /* Release */ = {
			isa = XCBuildConfiguration;
			buildSettings = {
				ALWAYS_SEARCH_USER_PATHS = NO;
				CLANG_ANALYZER_NONNULL = YES;
				CLANG_CXX_LANGUAGE_STANDARD = "gnu++0x";
				CLANG_CXX_LIBRARY = "libc++";
				CLANG_ENABLE_MODULES = YES;
				CLANG_ENABLE_OBJC_ARC = YES;
				CLANG_WARN_BOOL_CONVERSION = YES;
				CLANG_WARN_CONSTANT_CONVERSION = YES;
				CLANG_WARN_DIRECT_OBJC_ISA_USAGE = YES_ERROR;
				CLANG_WARN_EMPTY_BODY = YES;
				CLANG_WARN_ENUM_CONVERSION = YES;
				CLANG_WARN_INT_CONVERSION = YES;
				CLANG_WARN_OBJC_ROOT_CLASS = YES_ERROR;
				CLANG_WARN_UNREACHABLE_CODE = YES;
				CLANG_WARN__DUPLICATE_METHOD_MATCH = YES;
				"CODE_SIGN_IDENTITY[sdk=iphoneos*]" = "iPhone Developer";
				COPY_PHASE_STRIP = NO;
				DEBUG_INFORMATION_FORMAT = "dwarf-with-dsym";
				ENABLE_NS_ASSERTIONS = NO;
				ENABLE_STRICT_OBJC_MSGSEND = YES;
				GCC_C_LANGUAGE_STANDARD = gnu99;
				GCC_NO_COMMON_BLOCKS = YES;
				GCC_WARN_64_TO_32_BIT_CONVERSION = YES;
				GCC_WARN_ABOUT_RETURN_TYPE = YES_ERROR;
				GCC_WARN_UNDECLARED_SELECTOR = YES;
				GCC_WARN_UNINITIALIZED_AUTOS = YES_AGGRESSIVE;
				GCC_WARN_UNUSED_FUNCTION = YES;
				GCC_WARN_UNUSED_VARIABLE = YES;
				IPHONEOS_DEPLOYMENT_TARGET = 9.3;
				MTL_ENABLE_DEBUG_INFO = NO;
				SDKROOT = iphoneos;
				TARGETED_DEVICE_FAMILY = "1,2";
				VALIDATE_PRODUCT = YES;
			};
			name = Release;
		};
		6FD74FDA1D0EAA5E00ACB9AA /* Debug */ = {
			isa = XCBuildConfiguration;
			baseConfigurationReference = B8794F4981B3C64449D0A36B /* Pods-Application.debug.xcconfig */;
			buildSettings = {
				ASSETCATALOG_COMPILER_APPICON_NAME = AppIcon;
				INFOPLIST_FILE = Application/Info.plist;
				LD_RUNPATH_SEARCH_PATHS = "$(inherited) @executable_path/Frameworks";
				PRODUCT_BUNDLE_IDENTIFIER = com.lerigos.Application;
				PRODUCT_NAME = "$(TARGET_NAME)";
			};
			name = Debug;
		};
		6FD74FDB1D0EAA5E00ACB9AA /* Release */ = {
			isa = XCBuildConfiguration;
			baseConfigurationReference = 1037A64E8AC42064BACAC40A /* Pods-Application.release.xcconfig */;
			buildSettings = {
				ASSETCATALOG_COMPILER_APPICON_NAME = AppIcon;
				INFOPLIST_FILE = Application/Info.plist;
				LD_RUNPATH_SEARCH_PATHS = "$(inherited) @executable_path/Frameworks";
				PRODUCT_BUNDLE_IDENTIFIER = com.lerigos.Application;
				PRODUCT_NAME = "$(TARGET_NAME)";
			};
			name = Release;
		};
		6FD74FDD1D0EAA5E00ACB9AA /* Debug */ = {
			isa = XCBuildConfiguration;
			baseConfigurationReference = DFA62E16AC726E9A3D1C95EF /* Pods-ApplicationTests.debug.xcconfig */;
			buildSettings = {
				BUNDLE_LOADER = "$(TEST_HOST)";
				INFOPLIST_FILE = ApplicationTests/Info.plist;
				LD_RUNPATH_SEARCH_PATHS = "$(inherited) @executable_path/Frameworks @loader_path/Frameworks";
				PRODUCT_BUNDLE_IDENTIFIER = com.lerigos.ApplicationTests;
				PRODUCT_NAME = "$(TARGET_NAME)";
				TEST_HOST = "$(BUILT_PRODUCTS_DIR)/Application.app/Application";
			};
			name = Debug;
		};
		6FD74FDE1D0EAA5E00ACB9AA /* Release */ = {
			isa = XCBuildConfiguration;
			baseConfigurationReference = CBF6B9CC4C8CC648B8E4F96C /* Pods-ApplicationTests.release.xcconfig */;
			buildSettings = {
				BUNDLE_LOADER = "$(TEST_HOST)";
				INFOPLIST_FILE = ApplicationTests/Info.plist;
				LD_RUNPATH_SEARCH_PATHS = "$(inherited) @executable_path/Frameworks @loader_path/Frameworks";
				PRODUCT_BUNDLE_IDENTIFIER = com.lerigos.ApplicationTests;
				PRODUCT_NAME = "$(TARGET_NAME)";
				TEST_HOST = "$(BUILT_PRODUCTS_DIR)/Application.app/Application";
			};
			name = Release;
		};
		6FD74FE01D0EAA5E00ACB9AA /* Debug */ = {
			isa = XCBuildConfiguration;
			baseConfigurationReference = F876DAFDA9CD2B2166532948 /* Pods-ApplicationUITests.debug.xcconfig */;
			buildSettings = {
				INFOPLIST_FILE = ApplicationUITests/Info.plist;
				LD_RUNPATH_SEARCH_PATHS = "$(inherited) @executable_path/Frameworks @loader_path/Frameworks";
				PRODUCT_BUNDLE_IDENTIFIER = com.lerigos.ApplicationUITests;
				PRODUCT_NAME = "$(TARGET_NAME)";
				TEST_TARGET_NAME = Application;
			};
			name = Debug;
		};
		6FD74FE11D0EAA5E00ACB9AA /* Release */ = {
			isa = XCBuildConfiguration;
			baseConfigurationReference = C869D84357EFD91EB323FC5D /* Pods-ApplicationUITests.release.xcconfig */;
			buildSettings = {
				INFOPLIST_FILE = ApplicationUITests/Info.plist;
				LD_RUNPATH_SEARCH_PATHS = "$(inherited) @executable_path/Frameworks @loader_path/Frameworks";
				PRODUCT_BUNDLE_IDENTIFIER = com.lerigos.ApplicationUITests;
				PRODUCT_NAME = "$(TARGET_NAME)";
				TEST_TARGET_NAME = Application;
			};
			name = Release;
		};
/* End XCBuildConfiguration section */

/* Begin XCConfigurationList section */
		6FD74FAA1D0EAA5E00ACB9AA /* Build configuration list for PBXProject "Application" */ = {
			isa = XCConfigurationList;
			buildConfigurations = (
				6FD74FD71D0EAA5E00ACB9AA /* Debug */,
				6FD74FD81D0EAA5E00ACB9AA /* Release */,
			);
			defaultConfigurationIsVisible = 0;
			defaultConfigurationName = Release;
		};
		6FD74FD91D0EAA5E00ACB9AA /* Build configuration list for PBXNativeTarget "Application" */ = {
			isa = XCConfigurationList;
			buildConfigurations = (
				6FD74FDA1D0EAA5E00ACB9AA /* Debug */,
				6FD74FDB1D0EAA5E00ACB9AA /* Release */,
			);
			defaultConfigurationIsVisible = 0;
			defaultConfigurationName = Release;
		};
		6FD74FDC1D0EAA5E00ACB9AA /* Build configuration list for PBXNativeTarget "ApplicationTests" */ = {
			isa = XCConfigurationList;
			buildConfigurations = (
				6FD74FDD1D0EAA5E00ACB9AA /* Debug */,
				6FD74FDE1D0EAA5E00ACB9AA /* Release */,
			);
			defaultConfigurationIsVisible = 0;
			defaultConfigurationName = Release;
		};
		6FD74FDF1D0EAA5E00ACB9AA /* Build configuration list for PBXNativeTarget "ApplicationUITests" */ = {
			isa = XCConfigurationList;
			buildConfigurations = (
				6FD74FE01D0EAA5E00ACB9AA /* Debug */,
				6FD74FE11D0EAA5E00ACB9AA /* Release */,
			);
			defaultConfigurationIsVisible = 0;
			defaultConfigurationName = Release;
		};
/* End XCConfigurationList section */
	};
	rootObject = 6FD74FA71D0EAA5E00ACB9AA /* Project object */;
}
